
Microsoft Visual Studio Solution File, Format Version 12.00
# Visual Studio Version 16
VisualStudioVersion = 16.0.31624.102
MinimumVisualStudioVersion = 10.0.40219.1
Project("{FAE04EC0-301F-11D3-BF4B-00C04F79EFBC}") = "ОдномерныйМассив", "ОдномерныйМассив.csproj", "{8C456C69-E1BA-4D0A-8739-CC018B419CBD}"
EndProject
Global
	GlobalSection(SolutionConfigurationPlatforms) = preSolution
		Debug|Any CPU = Debug|Any CPU
		Release|Any CPU = Release|Any CPU
	EndGlobalSection
	GlobalSection(ProjectConfigurationPlatforms) = postSolution
		{8C456C69-E1BA-4D0A-8739-CC018B419CBD}.Debug|Any CPU.ActiveCfg = Debug|Any CPU
		{8C456C69-E1BA-4D0A-8739-CC018B419CBD}.Debug|Any CPU.Build.0 = Debug|Any CPU
		{8C456C69-E1BA-4D0A-8739-CC018B419CBD}.Release|Any CPU.ActiveCfg = Release|Any CPU
		{8C456C69-E1BA-4D0A-8739-CC018B419CBD}.Release|Any CPU.Build.0 = Release|Any CPU
	EndGlobalSection
	GlobalSection(SolutionProperties) = preSolution
		HideSolutionNode = FALSE
	EndGlobalSection
	GlobalSection(ExtensibilityGlobals) = postSolution
		SolutionGuid = {4F10C09E-7F8C-46DF-98D6-0E04BD1FB6C2}
	EndGlobalSection
EndGlobal
